// !$*UTF8*$!
{
	archiveVersion = 1;
	classes = {
	};
	objectVersion = 56;
	objects = {

/* Begin PBXBuildFile section */
		1D3B98872B235667004ADE41 /* GetPlistValue.swift in Sources */ = {isa = PBXBuildFile; fileRef = 1D3B98862B235667004ADE41 /* GetPlistValue.swift */; };
		1D3B988B2B235D26004ADE41 /* ContentViewModel.swift in Sources */ = {isa = PBXBuildFile; fileRef = 1D3B988A2B235D26004ADE41 /* ContentViewModel.swift */; };
		1D55AC7E2B244153003D1904 /* CommunicationError.swift in Sources */ = {isa = PBXBuildFile; fileRef = 1D55AC7D2B244153003D1904 /* CommunicationError.swift */; };
		1D55AC812B2441BD003D1904 /* ChatGPTAPICliant.swift in Sources */ = {isa = PBXBuildFile; fileRef = 1D55AC802B2441BD003D1904 /* ChatGPTAPICliant.swift */; };
		1D55AC842B2442CC003D1904 /* ChatGPTResponse.swift in Sources */ = {isa = PBXBuildFile; fileRef = 1D55AC832B2442CC003D1904 /* ChatGPTResponse.swift */; };
		1D5B8FF02B243C6D00886EE5 /* Common.swift in Sources */ = {isa = PBXBuildFile; fileRef = 1D5B8FEF2B243C6D00886EE5 /* Common.swift */; };
		1D90F7232B26C1DB00ED6E67 /* SampleMessage.swift in Sources */ = {isa = PBXBuildFile; fileRef = 1D90F7222B26C1DB00ED6E67 /* SampleMessage.swift */; };
		1D9677072B25F86B009D259D /* extensionString.swift in Sources */ = {isa = PBXBuildFile; fileRef = 1D9677062B25F86B009D259D /* extensionString.swift */; };
		1DAFA1D72B21BF93003282D5 /* TalkWithChatGPTApp.swift in Sources */ = {isa = PBXBuildFile; fileRef = 1DAFA1D62B21BF93003282D5 /* TalkWithChatGPTApp.swift */; };
		1DAFA1D92B21BF93003282D5 /* ContentView.swift in Sources */ = {isa = PBXBuildFile; fileRef = 1DAFA1D82B21BF93003282D5 /* ContentView.swift */; };
		1DAFA1DB2B21BF95003282D5 /* Assets.xcassets in Resources */ = {isa = PBXBuildFile; fileRef = 1DAFA1DA2B21BF95003282D5 /* Assets.xcassets */; };
		1DAFA1DE2B21BF95003282D5 /* Preview Assets.xcassets in Resources */ = {isa = PBXBuildFile; fileRef = 1DAFA1DD2B21BF95003282D5 /* Preview Assets.xcassets */; };
		1DC09F982B22C55C009F76EB /* Application.plist in Resources */ = {isa = PBXBuildFile; fileRef = 1DC09F972B22C55C009F76EB /* Application.plist */; };
		1DC7F3312B2637B500CFA589 /* MessageView.swift in Sources */ = {isa = PBXBuildFile; fileRef = 1DC7F3302B2637B500CFA589 /* MessageView.swift */; };
		1DC7F3332B26389C00CFA589 /* MessageTextFieldView.swift in Sources */ = {isa = PBXBuildFile; fileRef = 1DC7F3322B26389C00CFA589 /* MessageTextFieldView.swift */; };
		1DC7F3372B2639BD00CFA589 /* MenuButtonView.swift in Sources */ = {isa = PBXBuildFile; fileRef = 1DC7F3362B2639BD00CFA589 /* MenuButtonView.swift */; };
		1DCE105F2B27439E00472B72 /* ChatGPTRequestHttpBody.swift in Sources */ = {isa = PBXBuildFile; fileRef = 1DCE105E2B27439E00472B72 /* ChatGPTRequestHttpBody.swift */; };
/* End PBXBuildFile section */

/* Begin PBXFileReference section */
		1D3B98862B235667004ADE41 /* GetPlistValue.swift */ = {isa = PBXFileReference; lastKnownFileType = sourcecode.swift; path = GetPlistValue.swift; sourceTree = "<group>"; };
		1D3B988A2B235D26004ADE41 /* ContentViewModel.swift */ = {isa = PBXFileReference; lastKnownFileType = sourcecode.swift; path = ContentViewModel.swift; sourceTree = "<group>"; };
		1D55AC7D2B244153003D1904 /* CommunicationError.swift */ = {isa = PBXFileReference; lastKnownFileType = sourcecode.swift; path = CommunicationError.swift; sourceTree = "<group>"; };
		1D55AC802B2441BD003D1904 /* ChatGPTAPICliant.swift */ = {isa = PBXFileReference; lastKnownFileType = sourcecode.swift; path = ChatGPTAPICliant.swift; sourceTree = "<group>"; };
		1D55AC832B2442CC003D1904 /* ChatGPTResponse.swift */ = {isa = PBXFileReference; lastKnownFileType = sourcecode.swift; path = ChatGPTResponse.swift; sourceTree = "<group>"; };
		1D5B8FEF2B243C6D00886EE5 /* Common.swift */ = {isa = PBXFileReference; fileEncoding = 4; lastKnownFileType = sourcecode.swift; path = Common.swift; sourceTree = "<group>"; };
		1D90F7222B26C1DB00ED6E67 /* SampleMessage.swift */ = {isa = PBXFileReference; lastKnownFileType = sourcecode.swift; path = SampleMessage.swift; sourceTree = "<group>"; };
		1D9677062B25F86B009D259D /* extensionString.swift */ = {isa = PBXFileReference; lastKnownFileType = sourcecode.swift; path = extensionString.swift; sourceTree = "<group>"; };
		1DAFA1D32B21BF93003282D5 /* TalkWithChatGPT.app */ = {isa = PBXFileReference; explicitFileType = wrapper.application; includeInIndex = 0; path = TalkWithChatGPT.app; sourceTree = BUILT_PRODUCTS_DIR; };
		1DAFA1D62B21BF93003282D5 /* TalkWithChatGPTApp.swift */ = {isa = PBXFileReference; lastKnownFileType = sourcecode.swift; path = TalkWithChatGPTApp.swift; sourceTree = "<group>"; };
		1DAFA1D82B21BF93003282D5 /* ContentView.swift */ = {isa = PBXFileReference; lastKnownFileType = sourcecode.swift; path = ContentView.swift; sourceTree = "<group>"; };
		1DAFA1DA2B21BF95003282D5 /* Assets.xcassets */ = {isa = PBXFileReference; lastKnownFileType = folder.assetcatalog; path = Assets.xcassets; sourceTree = "<group>"; };
		1DAFA1DD2B21BF95003282D5 /* Preview Assets.xcassets */ = {isa = PBXFileReference; lastKnownFileType = folder.assetcatalog; path = "Preview Assets.xcassets"; sourceTree = "<group>"; };
		1DC09F972B22C55C009F76EB /* Application.plist */ = {isa = PBXFileReference; lastKnownFileType = text.plist.xml; path = Application.plist; sourceTree = "<group>"; };
		1DC7F3302B2637B500CFA589 /* MessageView.swift */ = {isa = PBXFileReference; lastKnownFileType = sourcecode.swift; path = MessageView.swift; sourceTree = "<group>"; };
		1DC7F3322B26389C00CFA589 /* MessageTextFieldView.swift */ = {isa = PBXFileReference; lastKnownFileType = sourcecode.swift; path = MessageTextFieldView.swift; sourceTree = "<group>"; };
		1DC7F3362B2639BD00CFA589 /* MenuButtonView.swift */ = {isa = PBXFileReference; lastKnownFileType = sourcecode.swift; path = MenuButtonView.swift; sourceTree = "<group>"; };
		1DCE105E2B27439E00472B72 /* ChatGPTRequestHttpBody.swift */ = {isa = PBXFileReference; lastKnownFileType = sourcecode.swift; path = ChatGPTRequestHttpBody.swift; sourceTree = "<group>"; };
/* End PBXFileReference section */

/* Begin PBXFrameworksBuildPhase section */
		1DAFA1D02B21BF93003282D5 /* Frameworks */ = {
			isa = PBXFrameworksBuildPhase;
			buildActionMask = 2147483647;
			files = (
			);
			runOnlyForDeploymentPostprocessing = 0;
		};
/* End PBXFrameworksBuildPhase section */

/* Begin PBXGroup section */
		1D3B98812B22D8D3004ADE41 /* Model */ = {
			isa = PBXGroup;
			children = (
				1D55AC7F2B24416A003D1904 /* Error */,
				1D55AC7C2B2440AF003D1904 /* GetPlist */,
				1D55AC822B2441EA003D1904 /* Communicate */,
				1D9677062B25F86B009D259D /* extensionString.swift */,
			);
			path = Model;
			sourceTree = "<group>";
		};
		1D55AC7C2B2440AF003D1904 /* GetPlist */ = {
			isa = PBXGroup;
			children = (
				1D5B8FEF2B243C6D00886EE5 /* Common.swift */,
				1D3B98862B235667004ADE41 /* GetPlistValue.swift */,
			);
			path = GetPlist;
			sourceTree = "<group>";
		};
		1D55AC7F2B24416A003D1904 /* Error */ = {
			isa = PBXGroup;
			children = (
				1D55AC7D2B244153003D1904 /* CommunicationError.swift */,
			);
			path = Error;
			sourceTree = "<group>";
		};
		1D55AC822B2441EA003D1904 /* Communicate */ = {
			isa = PBXGroup;
			children = (
				1DCE105C2B27437800472B72 /* Message */,
				1D55AC802B2441BD003D1904 /* ChatGPTAPICliant.swift */,
				1D55AC832B2442CC003D1904 /* ChatGPTResponse.swift */,
				1DCE105E2B27439E00472B72 /* ChatGPTRequestHttpBody.swift */,
			);
			path = Communicate;
			sourceTree = "<group>";
		};
		1DAFA1CA2B21BF93003282D5 = {
			isa = PBXGroup;
			children = (
				1DAFA1D52B21BF93003282D5 /* TalkWithChatGPT */,
				1DAFA1D42B21BF93003282D5 /* Products */,
			);
			sourceTree = "<group>";
		};
		1DAFA1D42B21BF93003282D5 /* Products */ = {
			isa = PBXGroup;
			children = (
				1DAFA1D32B21BF93003282D5 /* TalkWithChatGPT.app */,
			);
			name = Products;
			sourceTree = "<group>";
		};
		1DAFA1D52B21BF93003282D5 /* TalkWithChatGPT */ = {
			isa = PBXGroup;
			children = (
				1DAFA1D62B21BF93003282D5 /* TalkWithChatGPTApp.swift */,
				1DAFA1D82B21BF93003282D5 /* ContentView.swift */,
				1DC7F3342B26396D00CFA589 /* Views */,
				1D3B988A2B235D26004ADE41 /* ContentViewModel.swift */,
				1D3B98812B22D8D3004ADE41 /* Model */,
				1DC09F972B22C55C009F76EB /* Application.plist */,
				1DAFA1DA2B21BF95003282D5 /* Assets.xcassets */,
				1DAFA1DC2B21BF95003282D5 /* Preview Content */,
			);
			path = TalkWithChatGPT;
			sourceTree = "<group>";
		};
		1DAFA1DC2B21BF95003282D5 /* Preview Content */ = {
			isa = PBXGroup;
			children = (
				1DAFA1DD2B21BF95003282D5 /* Preview Assets.xcassets */,
			);
			path = "Preview Content";
			sourceTree = "<group>";
		};
		1DC7F3342B26396D00CFA589 /* Views */ = {
			isa = PBXGroup;
			children = (
				1DC7F3302B2637B500CFA589 /* MessageView.swift */,
				1DC7F3322B26389C00CFA589 /* MessageTextFieldView.swift */,
				1DC7F3352B2639A500CFA589 /* Menu */,
			);
			path = Views;
			sourceTree = "<group>";
		};
		1DC7F3352B2639A500CFA589 /* Menu */ = {
			isa = PBXGroup;
			children = (
				1DC7F3362B2639BD00CFA589 /* MenuButtonView.swift */,
			);
			path = Menu;
			sourceTree = "<group>";
		};
		1DCE105C2B27437800472B72 /* Message */ = {
			isa = PBXGroup;
			children = (
				1D90F7222B26C1DB00ED6E67 /* SampleMessage.swift */,
			);
			path = Message;
			sourceTree = "<group>";
		};
/* End PBXGroup section */

/* Begin PBXNativeTarget section */
		1DAFA1D22B21BF93003282D5 /* TalkWithChatGPT */ = {
			isa = PBXNativeTarget;
			buildConfigurationList = 1DAFA1E12B21BF95003282D5 /* Build configuration list for PBXNativeTarget "TalkWithChatGPT" */;
			buildPhases = (
				1DAFA1CF2B21BF93003282D5 /* Sources */,
				1DAFA1D02B21BF93003282D5 /* Frameworks */,
				1DAFA1D12B21BF93003282D5 /* Resources */,
			);
			buildRules = (
			);
			dependencies = (
			);
			name = TalkWithChatGPT;
			packageProductDependencies = (
			);
			productName = TalkWithChatGPT;
			productReference = 1DAFA1D32B21BF93003282D5 /* TalkWithChatGPT.app */;
			productType = "com.apple.product-type.application";
		};
/* End PBXNativeTarget section */

/* Begin PBXProject section */
		1DAFA1CB2B21BF93003282D5 /* Project object */ = {
			isa = PBXProject;
			attributes = {
				BuildIndependentTargetsInParallel = 1;
				LastSwiftUpdateCheck = 1500;
				LastUpgradeCheck = 1500;
				TargetAttributes = {
					1DAFA1D22B21BF93003282D5 = {
						CreatedOnToolsVersion = 15.0.1;
					};
				};
			};
			buildConfigurationList = 1DAFA1CE2B21BF93003282D5 /* Build configuration list for PBXProject "TalkWithChatGPT" */;
			compatibilityVersion = "Xcode 14.0";
			developmentRegion = en;
			hasScannedForEncodings = 0;
			knownRegions = (
				en,
				Base,
			);
			mainGroup = 1DAFA1CA2B21BF93003282D5;
			packageReferences = (
			);
			productRefGroup = 1DAFA1D42B21BF93003282D5 /* Products */;
			projectDirPath = "";
			projectRoot = "";
			targets = (
				1DAFA1D22B21BF93003282D5 /* TalkWithChatGPT */,
			);
		};
/* End PBXProject section */

/* Begin PBXResourcesBuildPhase section */
		1DAFA1D12B21BF93003282D5 /* Resources */ = {
			isa = PBXResourcesBuildPhase;
			buildActionMask = 2147483647;
			files = (
				1DC09F982B22C55C009F76EB /* Application.plist in Resources */,
				1DAFA1DE2B21BF95003282D5 /* Preview Assets.xcassets in Resources */,
				1DAFA1DB2B21BF95003282D5 /* Assets.xcassets in Resources */,
			);
			runOnlyForDeploymentPostprocessing = 0;
		};
/* End PBXResourcesBuildPhase section */

/* Begin PBXSourcesBuildPhase section */
		1DAFA1CF2B21BF93003282D5 /* Sources */ = {
			isa = PBXSourcesBuildPhase;
			buildActionMask = 2147483647;
			files = (
				1DAFA1D92B21BF93003282D5 /* ContentView.swift in Sources */,
				1DAFA1D72B21BF93003282D5 /* TalkWithChatGPTApp.swift in Sources */,
				1D55AC842B2442CC003D1904 /* ChatGPTResponse.swift in Sources */,
				1DC7F3372B2639BD00CFA589 /* MenuButtonView.swift in Sources */,
				1D3B98872B235667004ADE41 /* GetPlistValue.swift in Sources */,
				1DC7F3312B2637B500CFA589 /* MessageView.swift in Sources */,
				1D55AC7E2B244153003D1904 /* CommunicationError.swift in Sources */,
				1D90F7232B26C1DB00ED6E67 /* SampleMessage.swift in Sources */,
				1D9677072B25F86B009D259D /* extensionString.swift in Sources */,
				1DC7F3332B26389C00CFA589 /* MessageTextFieldView.swift in Sources */,
				1D5B8FF02B243C6D00886EE5 /* Common.swift in Sources */,
				1D55AC812B2441BD003D1904 /* ChatGPTAPICliant.swift in Sources */,
				1D3B988B2B235D26004ADE41 /* ContentViewModel.swift in Sources */,
				1DCE105F2B27439E00472B72 /* ChatGPTRequestHttpBody.swift in Sources */,
			);
			runOnlyForDeploymentPostprocessing = 0;
		};
/* End PBXSourcesBuildPhase section */

/* Begin XCBuildConfiguration section */
		1DAFA1DF2B21BF95003282D5 /* Debug */ = {
			isa = XCBuildConfiguration;
			buildSettings = {
				ALWAYS_SEARCH_USER_PATHS = NO;
				ASSETCATALOG_COMPILER_GENERATE_SWIFT_ASSET_SYMBOL_EXTENSIONS = YES;
				CLANG_ANALYZER_NONNULL = YES;
				CLANG_ANALYZER_NUMBER_OBJECT_CONVERSION = YES_AGGRESSIVE;
				CLANG_CXX_LANGUAGE_STANDARD = "gnu++20";
				CLANG_ENABLE_MODULES = YES;
				CLANG_ENABLE_OBJC_ARC = YES;
				CLANG_ENABLE_OBJC_WEAK = YES;
				CLANG_WARN_BLOCK_CAPTURE_AUTORELEASING = YES;
				CLANG_WARN_BOOL_CONVERSION = YES;
				CLANG_WARN_COMMA = YES;
				CLANG_WARN_CONSTANT_CONVERSION = YES;
				CLANG_WARN_DEPRECATED_OBJC_IMPLEMENTATIONS = YES;
				CLANG_WARN_DIRECT_OBJC_ISA_USAGE = YES_ERROR;
				CLANG_WARN_DOCUMENTATION_COMMENTS = YES;
				CLANG_WARN_EMPTY_BODY = YES;
				CLANG_WARN_ENUM_CONVERSION = YES;
				CLANG_WARN_INFINITE_RECURSION = YES;
				CLANG_WARN_INT_CONVERSION = YES;
				CLANG_WARN_NON_LITERAL_NULL_CONVERSION = YES;
				CLANG_WARN_OBJC_IMPLICIT_RETAIN_SELF = YES;
				CLANG_WARN_OBJC_LITERAL_CONVERSION = YES;
				CLANG_WARN_OBJC_ROOT_CLASS = YES_ERROR;
				CLANG_WARN_QUOTED_INCLUDE_IN_FRAMEWORK_HEADER = YES;
				CLANG_WARN_RANGE_LOOP_ANALYSIS = YES;
				CLANG_WARN_STRICT_PROTOTYPES = YES;
				CLANG_WARN_SUSPICIOUS_MOVE = YES;
				CLANG_WARN_UNGUARDED_AVAILABILITY = YES_AGGRESSIVE;
				CLANG_WARN_UNREACHABLE_CODE = YES;
				CLANG_WARN__DUPLICATE_METHOD_MATCH = YES;
				COPY_PHASE_STRIP = NO;
				DEBUG_INFORMATION_FORMAT = dwarf;
				ENABLE_STRICT_OBJC_MSGSEND = YES;
				ENABLE_TESTABILITY = YES;
				ENABLE_USER_SCRIPT_SANDBOXING = YES;
				GCC_C_LANGUAGE_STANDARD = gnu17;
				GCC_DYNAMIC_NO_PIC = NO;
				GCC_NO_COMMON_BLOCKS = YES;
				GCC_OPTIMIZATION_LEVEL = 0;
				GCC_PREPROCESSOR_DEFINITIONS = (
					"DEBUG=1",
					"$(inherited)",
				);
				GCC_WARN_64_TO_32_BIT_CONVERSION = YES;
				GCC_WARN_ABOUT_RETURN_TYPE = YES_ERROR;
				GCC_WARN_UNDECLARED_SELECTOR = YES;
				GCC_WARN_UNINITIALIZED_AUTOS = YES_AGGRESSIVE;
				GCC_WARN_UNUSED_FUNCTION = YES;
				GCC_WARN_UNUSED_VARIABLE = YES;
				IPHONEOS_DEPLOYMENT_TARGET = 17.0;
				LOCALIZATION_PREFERS_STRING_CATALOGS = YES;
				MTL_ENABLE_DEBUG_INFO = INCLUDE_SOURCE;
				MTL_FAST_MATH = YES;
				ONLY_ACTIVE_ARCH = YES;
				SDKROOT = iphoneos;
				SWIFT_ACTIVE_COMPILATION_CONDITIONS = "DEBUG $(inherited)";
				SWIFT_OPTIMIZATION_LEVEL = "-Onone";
			};
			name = Debug;
		};
		1DAFA1E02B21BF95003282D5 /* Release */ = {
			isa = XCBuildConfiguration;
			buildSettings = {
				ALWAYS_SEARCH_USER_PATHS = NO;
				ASSETCATALOG_COMPILER_GENERATE_SWIFT_ASSET_SYMBOL_EXTENSIONS = YES;
				CLANG_ANALYZER_NONNULL = YES;
				CLANG_ANALYZER_NUMBER_OBJECT_CONVERSION = YES_AGGRESSIVE;
				CLANG_CXX_LANGUAGE_STANDARD = "gnu++20";
				CLANG_ENABLE_MODULES = YES;
				CLANG_ENABLE_OBJC_ARC = YES;
				CLANG_ENABLE_OBJC_WEAK = YES;
				CLANG_WARN_BLOCK_CAPTURE_AUTORELEASING = YES;
				CLANG_WARN_BOOL_CONVERSION = YES;
				CLANG_WARN_COMMA = YES;
				CLANG_WARN_CONSTANT_CONVERSION = YES;
				CLANG_WARN_DEPRECATED_OBJC_IMPLEMENTATIONS = YES;
				CLANG_WARN_DIRECT_OBJC_ISA_USAGE = YES_ERROR;
				CLANG_WARN_DOCUMENTATION_COMMENTS = YES;
				CLANG_WARN_EMPTY_BODY = YES;
				CLANG_WARN_ENUM_CONVERSION = YES;
				CLANG_WARN_INFINITE_RECURSION = YES;
				CLANG_WARN_INT_CONVERSION = YES;
				CLANG_WARN_NON_LITERAL_NULL_CONVERSION = YES;
				CLANG_WARN_OBJC_IMPLICIT_RETAIN_SELF = YES;
				CLANG_WARN_OBJC_LITERAL_CONVERSION = YES;
				CLANG_WARN_OBJC_ROOT_CLASS = YES_ERROR;
				CLANG_WARN_QUOTED_INCLUDE_IN_FRAMEWORK_HEADER = YES;
				CLANG_WARN_RANGE_LOOP_ANALYSIS = YES;
				CLANG_WARN_STRICT_PROTOTYPES = YES;
				CLANG_WARN_SUSPICIOUS_MOVE = YES;
				CLANG_WARN_UNGUARDED_AVAILABILITY = YES_AGGRESSIVE;
				CLANG_WARN_UNREACHABLE_CODE = YES;
				CLANG_WARN__DUPLICATE_METHOD_MATCH = YES;
				COPY_PHASE_STRIP = NO;
				DEBUG_INFORMATION_FORMAT = "dwarf-with-dsym";
				ENABLE_NS_ASSERTIONS = NO;
				ENABLE_STRICT_OBJC_MSGSEND = YES;
				ENABLE_USER_SCRIPT_SANDBOXING = YES;
				GCC_C_LANGUAGE_STANDARD = gnu17;
				GCC_NO_COMMON_BLOCKS = YES;
				GCC_WARN_64_TO_32_BIT_CONVERSION = YES;
				GCC_WARN_ABOUT_RETURN_TYPE = YES_ERROR;
				GCC_WARN_UNDECLARED_SELECTOR = YES;
				GCC_WARN_UNINITIALIZED_AUTOS = YES_AGGRESSIVE;
				GCC_WARN_UNUSED_FUNCTION = YES;
				GCC_WARN_UNUSED_VARIABLE = YES;
				IPHONEOS_DEPLOYMENT_TARGET = 17.0;
				LOCALIZATION_PREFERS_STRING_CATALOGS = YES;
				MTL_ENABLE_DEBUG_INFO = NO;
				MTL_FAST_MATH = YES;
				SDKROOT = iphoneos;
				SWIFT_COMPILATION_MODE = wholemodule;
				VALIDATE_PRODUCT = YES;
			};
			name = Release;
		};
		1DAFA1E22B21BF95003282D5 /* Debug */ = {
			isa = XCBuildConfiguration;
			buildSettings = {
				ASSETCATALOG_COMPILER_APPICON_NAME = AppIcon;
				ASSETCATALOG_COMPILER_GLOBAL_ACCENT_COLOR_NAME = AccentColor;
				CODE_SIGN_STYLE = Automatic;
				CURRENT_PROJECT_VERSION = 1;
				DEVELOPMENT_ASSET_PATHS = "\"TalkWithChatGPT/Preview Content\"";
				DEVELOPMENT_TEAM = VQ2YTWN4JZ;
				ENABLE_PREVIEWS = YES;
				GENERATE_INFOPLIST_FILE = YES;
				INFOPLIST_KEY_UIApplicationSceneManifest_Generation = YES;
				INFOPLIST_KEY_UIApplicationSupportsIndirectInputEvents = YES;
				INFOPLIST_KEY_UILaunchScreen_Generation = YES;
				INFOPLIST_KEY_UISupportedInterfaceOrientations_iPad = "UIInterfaceOrientationPortrait UIInterfaceOrientationPortraitUpsideDown UIInterfaceOrientationLandscapeLeft UIInterfaceOrientationLandscapeRight";
				INFOPLIST_KEY_UISupportedInterfaceOrientations_iPhone = "UIInterfaceOrientationPortrait UIInterfaceOrientationLandscapeLeft UIInterfaceOrientationLandscapeRight";
				IPHONEOS_DEPLOYMENT_TARGET = 16.0;
				LD_RUNPATH_SEARCH_PATHS = (
					"$(inherited)",
					"@executable_path/Frameworks",
				);
				MARKETING_VERSION = 1.0;
				PRODUCT_BUNDLE_IDENTIFIER = jp.ac.jec.cm2320.TalkWithChatGPT;
				PRODUCT_NAME = "$(TARGET_NAME)";
				SWIFT_EMIT_LOC_STRINGS = YES;
				SWIFT_VERSION = 5.0;
				TARGETED_DEVICE_FAMILY = "1,2";
			};
			name = Debug;
		};
		1DAFA1E32B21BF95003282D5 /* Release */ = {
			isa = XCBuildConfiguration;
			buildSettings = {
				ASSETCATALOG_COMPILER_APPICON_NAME = AppIcon;
				ASSETCATALOG_COMPILER_GLOBAL_ACCENT_COLOR_NAME = AccentColor;
				CODE_SIGN_STYLE = Automatic;
				CURRENT_PROJECT_VERSION = 1;
				DEVELOPMENT_ASSET_PATHS = "\"TalkWithChatGPT/Preview Content\"";
				DEVELOPMENT_TEAM = VQ2YTWN4JZ;
				ENABLE_PREVIEWS = YES;
				GENERATE_INFOPLIST_FILE = YES;
				INFOPLIST_KEY_UIApplicationSceneManifest_Generation = YES;
				INFOPLIST_KEY_UIApplicationSupportsIndirectInputEvents = YES;
				INFOPLIST_KEY_UILaunchScreen_Generation = YES;
				INFOPLIST_KEY_UISupportedInterfaceOrientations_iPad = "UIInterfaceOrientationPortrait UIInterfaceOrientationPortraitUpsideDown UIInterfaceOrientationLandscapeLeft UIInterfaceOrientationLandscapeRight";
				INFOPLIST_KEY_UISupportedInterfaceOrientations_iPhone = "UIInterfaceOrientationPortrait UIInterfaceOrientationLandscapeLeft UIInterfaceOrientationLandscapeRight";
				IPHONEOS_DEPLOYMENT_TARGET = 16.0;
				LD_RUNPATH_SEARCH_PATHS = (
					"$(inherited)",
					"@executable_path/Frameworks",
				);
				MARKETING_VERSION = 1.0;
				PRODUCT_BUNDLE_IDENTIFIER = jp.ac.jec.cm2320.TalkWithChatGPT;
				PRODUCT_NAME = "$(TARGET_NAME)";
				SWIFT_EMIT_LOC_STRINGS = YES;
				SWIFT_VERSION = 5.0;
				TARGETED_DEVICE_FAMILY = "1,2";
			};
			name = Release;
		};
/* End XCBuildConfiguration section */

/* Begin XCConfigurationList section */
		1DAFA1CE2B21BF93003282D5 /* Build configuration list for PBXProject "TalkWithChatGPT" */ = {
			isa = XCConfigurationList;
			buildConfigurations = (
				1DAFA1DF2B21BF95003282D5 /* Debug */,
				1DAFA1E02B21BF95003282D5 /* Release */,
			);
			defaultConfigurationIsVisible = 0;
			defaultConfigurationName = Release;
		};
		1DAFA1E12B21BF95003282D5 /* Build configuration list for PBXNativeTarget "TalkWithChatGPT" */ = {
			isa = XCConfigurationList;
			buildConfigurations = (
				1DAFA1E22B21BF95003282D5 /* Debug */,
				1DAFA1E32B21BF95003282D5 /* Release */,
			);
			defaultConfigurationIsVisible = 0;
			defaultConfigurationName = Release;
		};
/* End XCConfigurationList section */
	};
	rootObject = 1DAFA1CB2B21BF93003282D5 /* Project object */;
}
